
Microsoft Visual Studio Solution File, Format Version 12.00
# Visual Studio 15
VisualStudioVersion = 15.0.28010.0
MinimumVisualStudioVersion = 10.0.40219.1
Project("{FAE04EC0-301F-11D3-BF4B-00C04F79EFBC}") = "woMovil.Android", "woMovil\woMovil.Android\woMovil.Android.csproj", "{05631DBF-AF78-4068-A8F2-F5D206A6BD33}"
EndProject
Project("{FAE04EC0-301F-11D3-BF4B-00C04F79EFBC}") = "woMovil.iOS", "woMovil\woMovil.iOS\woMovil.iOS.csproj", "{5C1E1C97-FD1D-41A8-A521-5DBA9EC8C50F}"
EndProject
Project("{FAE04EC0-301F-11D3-BF4B-00C04F79EFBC}") = "woMovil.UWP", "woMovil\woMovil.UWP\woMovil.UWP.csproj", "{C0EAA610-705F-4DA1-86C1-040C04A58E67}"
EndProject
Project("{FAE04EC0-301F-11D3-BF4B-00C04F79EFBC}") = "woMovil", "woMovil\woMovil\woMovil.csproj", "{2BAB438F-C701-41EF-A5F7-2D646B19C5B9}"
EndProject
Project("{FAE04EC0-301F-11D3-BF4B-00C04F79EFBC}") = "woMovil.Backend", "woMovil.Backend\woMovil.Backend.csproj", "{EA62B2BB-2CEA-425B-B2D0-F6D44E30922D}"
EndProject
Project("{FAE04EC0-301F-11D3-BF4B-00C04F79EFBC}") = "woMovil.API", "woMovil.API\woMovil.API.csproj", "{8F6EFE85-0D91-45D0-B6E8-098EB454EBF2}"
EndProject
Project("{FAE04EC0-301F-11D3-BF4B-00C04F79EFBC}") = "woMovil.Domain", "woMovil.Domain\woMovil.Domain.csproj", "{F8AC5FAD-CD55-4023-A9FC-B1E3A298A1E2}"
EndProject
Project("{FAE04EC0-301F-11D3-BF4B-00C04F79EFBC}") = "woMovil.Common", "woMovil.Common\woMovil.Common.csproj", "{16B49E9F-D0DD-4046-830A-A1250D765E33}"
EndProject
Global
	GlobalSection(SolutionConfigurationPlatforms) = preSolution
		Ad-Hoc|Any CPU = Ad-Hoc|Any CPU
		Ad-Hoc|ARM = Ad-Hoc|ARM
		Ad-Hoc|iPhone = Ad-Hoc|iPhone
		Ad-Hoc|iPhoneSimulator = Ad-Hoc|iPhoneSimulator
		Ad-Hoc|x64 = Ad-Hoc|x64
		Ad-Hoc|x86 = Ad-Hoc|x86
		AppStore|Any CPU = AppStore|Any CPU
		AppStore|ARM = AppStore|ARM
		AppStore|iPhone = AppStore|iPhone
		AppStore|iPhoneSimulator = AppStore|iPhoneSimulator
		AppStore|x64 = AppStore|x64
		AppStore|x86 = AppStore|x86
		Debug|Any CPU = Debug|Any CPU
		Debug|ARM = Debug|ARM
		Debug|iPhone = Debug|iPhone
		Debug|iPhoneSimulator = Debug|iPhoneSimulator
		Debug|x64 = Debug|x64
		Debug|x86 = Debug|x86
		Release|Any CPU = Release|Any CPU
		Release|ARM = Release|ARM
		Release|iPhone = Release|iPhone
		Release|iPhoneSimulator = Release|iPhoneSimulator
		Release|x64 = Release|x64
		Release|x86 = Release|x86
	EndGlobalSection
	GlobalSection(ProjectConfigurationPlatforms) = postSolution
		{05631DBF-AF78-4068-A8F2-F5D206A6BD33}.Ad-Hoc|Any CPU.ActiveCfg = Release|Any CPU
		{05631DBF-AF78-4068-A8F2-F5D206A6BD33}.Ad-Hoc|Any CPU.Build.0 = Release|Any CPU
		{05631DBF-AF78-4068-A8F2-F5D206A6BD33}.Ad-Hoc|Any CPU.Deploy.0 = Release|Any CPU
		{05631DBF-AF78-4068-A8F2-F5D206A6BD33}.Ad-Hoc|ARM.ActiveCfg = Release|Any CPU
		{05631DBF-AF78-4068-A8F2-F5D206A6BD33}.Ad-Hoc|ARM.Build.0 = Release|Any CPU
		{05631DBF-AF78-4068-A8F2-F5D206A6BD33}.Ad-Hoc|ARM.Deploy.0 = Release|Any CPU
		{05631DBF-AF78-4068-A8F2-F5D206A6BD33}.Ad-Hoc|iPhone.ActiveCfg = Release|Any CPU
		{05631DBF-AF78-4068-A8F2-F5D206A6BD33}.Ad-Hoc|iPhone.Build.0 = Release|Any CPU
		{05631DBF-AF78-4068-A8F2-F5D206A6BD33}.Ad-Hoc|iPhone.Deploy.0 = Release|Any CPU
		{05631DBF-AF78-4068-A8F2-F5D206A6BD33}.Ad-Hoc|iPhoneSimulator.ActiveCfg = Release|Any CPU
		{05631DBF-AF78-4068-A8F2-F5D206A6BD33}.Ad-Hoc|iPhoneSimulator.Build.0 = Release|Any CPU
		{05631DBF-AF78-4068-A8F2-F5D206A6BD33}.Ad-Hoc|iPhoneSimulator.Deploy.0 = Release|Any CPU
		{05631DBF-AF78-4068-A8F2-F5D206A6BD33}.Ad-Hoc|x64.ActiveCfg = Release|Any CPU
		{05631DBF-AF78-4068-A8F2-F5D206A6BD33}.Ad-Hoc|x64.Build.0 = Release|Any CPU
		{05631DBF-AF78-4068-A8F2-F5D206A6BD33}.Ad-Hoc|x64.Deploy.0 = Release|Any CPU
		{05631DBF-AF78-4068-A8F2-F5D206A6BD33}.Ad-Hoc|x86.ActiveCfg = Release|Any CPU
		{05631DBF-AF78-4068-A8F2-F5D206A6BD33}.Ad-Hoc|x86.Build.0 = Release|Any CPU
		{05631DBF-AF78-4068-A8F2-F5D206A6BD33}.Ad-Hoc|x86.Deploy.0 = Release|Any CPU
		{05631DBF-AF78-4068-A8F2-F5D206A6BD33}.AppStore|Any CPU.ActiveCfg = Release|Any CPU
		{05631DBF-AF78-4068-A8F2-F5D206A6BD33}.AppStore|Any CPU.Build.0 = Release|Any CPU
		{05631DBF-AF78-4068-A8F2-F5D206A6BD33}.AppStore|Any CPU.Deploy.0 = Release|Any CPU
		{05631DBF-AF78-4068-A8F2-F5D206A6BD33}.AppStore|ARM.ActiveCfg = Release|Any CPU
		{05631DBF-AF78-4068-A8F2-F5D206A6BD33}.AppStore|ARM.Build.0 = Release|Any CPU
		{05631DBF-AF78-4068-A8F2-F5D206A6BD33}.AppStore|ARM.Deploy.0 = Release|Any CPU
		{05631DBF-AF78-4068-A8F2-F5D206A6BD33}.AppStore|iPhone.ActiveCfg = Release|Any CPU
		{05631DBF-AF78-4068-A8F2-F5D206A6BD33}.AppStore|iPhone.Build.0 = Release|Any CPU
		{05631DBF-AF78-4068-A8F2-F5D206A6BD33}.AppStore|iPhone.Deploy.0 = Release|Any CPU
		{05631DBF-AF78-4068-A8F2-F5D206A6BD33}.AppStore|iPhoneSimulator.ActiveCfg = Release|Any CPU
		{05631DBF-AF78-4068-A8F2-F5D206A6BD33}.AppStore|iPhoneSimulator.Build.0 = Release|Any CPU
		{05631DBF-AF78-4068-A8F2-F5D206A6BD33}.AppStore|iPhoneSimulator.Deploy.0 = Release|Any CPU
		{05631DBF-AF78-4068-A8F2-F5D206A6BD33}.AppStore|x64.ActiveCfg = Release|Any CPU
		{05631DBF-AF78-4068-A8F2-F5D206A6BD33}.AppStore|x64.Build.0 = Release|Any CPU
		{05631DBF-AF78-4068-A8F2-F5D206A6BD33}.AppStore|x64.Deploy.0 = Release|Any CPU
		{05631DBF-AF78-4068-A8F2-F5D206A6BD33}.AppStore|x86.ActiveCfg = Release|Any CPU
		{05631DBF-AF78-4068-A8F2-F5D206A6BD33}.AppStore|x86.Build.0 = Release|Any CPU
		{05631DBF-AF78-4068-A8F2-F5D206A6BD33}.AppStore|x86.Deploy.0 = Release|Any CPU
		{05631DBF-AF78-4068-A8F2-F5D206A6BD33}.Debug|Any CPU.ActiveCfg = Debug|Any CPU
		{05631DBF-AF78-4068-A8F2-F5D206A6BD33}.Debug|Any CPU.Build.0 = Debug|Any CPU
		{05631DBF-AF78-4068-A8F2-F5D206A6BD33}.Debug|Any CPU.Deploy.0 = Debug|Any CPU
		{05631DBF-AF78-4068-A8F2-F5D206A6BD33}.Debug|ARM.ActiveCfg = Debug|Any CPU
		{05631DBF-AF78-4068-A8F2-F5D206A6BD33}.Debug|ARM.Build.0 = Debug|Any CPU
		{05631DBF-AF78-4068-A8F2-F5D206A6BD33}.Debug|ARM.Deploy.0 = Debug|Any CPU
		{05631DBF-AF78-4068-A8F2-F5D206A6BD33}.Debug|iPhone.ActiveCfg = Debug|Any CPU
		{05631DBF-AF78-4068-A8F2-F5D206A6BD33}.Debug|iPhone.Build.0 = Debug|Any CPU
		{05631DBF-AF78-4068-A8F2-F5D206A6BD33}.Debug|iPhone.Deploy.0 = Debug|Any CPU
		{05631DBF-AF78-4068-A8F2-F5D206A6BD33}.Debug|iPhoneSimulator.ActiveCfg = Debug|Any CPU
		{05631DBF-AF78-4068-A8F2-F5D206A6BD33}.Debug|iPhoneSimulator.Build.0 = Debug|Any CPU
		{05631DBF-AF78-4068-A8F2-F5D206A6BD33}.Debug|iPhoneSimulator.Deploy.0 = Debug|Any CPU
		{05631DBF-AF78-4068-A8F2-F5D206A6BD33}.Debug|x64.ActiveCfg = Debug|Any CPU
		{05631DBF-AF78-4068-A8F2-F5D206A6BD33}.Debug|x64.Build.0 = Debug|Any CPU
		{05631DBF-AF78-4068-A8F2-F5D206A6BD33}.Debug|x64.Deploy.0 = Debug|Any CPU
		{05631DBF-AF78-4068-A8F2-F5D206A6BD33}.Debug|x86.ActiveCfg = Debug|Any CPU
		{05631DBF-AF78-4068-A8F2-F5D206A6BD33}.Debug|x86.Build.0 = Debug|Any CPU
		{05631DBF-AF78-4068-A8F2-F5D206A6BD33}.Debug|x86.Deploy.0 = Debug|Any CPU
		{05631DBF-AF78-4068-A8F2-F5D206A6BD33}.Release|Any CPU.ActiveCfg = Release|Any CPU
		{05631DBF-AF78-4068-A8F2-F5D206A6BD33}.Release|Any CPU.Build.0 = Release|Any CPU
		{05631DBF-AF78-4068-A8F2-F5D206A6BD33}.Release|Any CPU.Deploy.0 = Release|Any CPU
		{05631DBF-AF78-4068-A8F2-F5D206A6BD33}.Release|ARM.ActiveCfg = Release|Any CPU
		{05631DBF-AF78-4068-A8F2-F5D206A6BD33}.Release|ARM.Build.0 = Release|Any CPU
		{05631DBF-AF78-4068-A8F2-F5D206A6BD33}.Release|ARM.Deploy.0 = Release|Any CPU
		{05631DBF-AF78-4068-A8F2-F5D206A6BD33}.Release|iPhone.ActiveCfg = Release|Any CPU
		{05631DBF-AF78-4068-A8F2-F5D206A6BD33}.Release|iPhone.Build.0 = Release|Any CPU
		{05631DBF-AF78-4068-A8F2-F5D206A6BD33}.Release|iPhone.Deploy.0 = Release|Any CPU
		{05631DBF-AF78-4068-A8F2-F5D206A6BD33}.Release|iPhoneSimulator.ActiveCfg = Release|Any CPU
		{05631DBF-AF78-4068-A8F2-F5D206A6BD33}.Release|iPhoneSimulator.Build.0 = Release|Any CPU
		{05631DBF-AF78-4068-A8F2-F5D206A6BD33}.Release|iPhoneSimulator.Deploy.0 = Release|Any CPU
		{05631DBF-AF78-4068-A8F2-F5D206A6BD33}.Release|x64.ActiveCfg = Release|Any CPU
		{05631DBF-AF78-4068-A8F2-F5D206A6BD33}.Release|x64.Build.0 = Release|Any CPU
		{05631DBF-AF78-4068-A8F2-F5D206A6BD33}.Release|x64.Deploy.0 = Release|Any CPU
		{05631DBF-AF78-4068-A8F2-F5D206A6BD33}.Release|x86.ActiveCfg = Release|Any CPU
		{05631DBF-AF78-4068-A8F2-F5D206A6BD33}.Release|x86.Build.0 = Release|Any CPU
		{05631DBF-AF78-4068-A8F2-F5D206A6BD33}.Release|x86.Deploy.0 = Release|Any CPU
		{5C1E1C97-FD1D-41A8-A521-5DBA9EC8C50F}.Ad-Hoc|Any CPU.ActiveCfg = Ad-Hoc|iPhone
		{5C1E1C97-FD1D-41A8-A521-5DBA9EC8C50F}.Ad-Hoc|Any CPU.Build.0 = Ad-Hoc|iPhone
		{5C1E1C97-FD1D-41A8-A521-5DBA9EC8C50F}.Ad-Hoc|Any CPU.Deploy.0 = Ad-Hoc|iPhone
		{5C1E1C97-FD1D-41A8-A521-5DBA9EC8C50F}.Ad-Hoc|ARM.ActiveCfg = Ad-Hoc|iPhone
		{5C1E1C97-FD1D-41A8-A521-5DBA9EC8C50F}.Ad-Hoc|ARM.Build.0 = Ad-Hoc|iPhone
		{5C1E1C97-FD1D-41A8-A521-5DBA9EC8C50F}.Ad-Hoc|ARM.Deploy.0 = Ad-Hoc|iPhone
		{5C1E1C97-FD1D-41A8-A521-5DBA9EC8C50F}.Ad-Hoc|iPhone.ActiveCfg = Ad-Hoc|iPhone
		{5C1E1C97-FD1D-41A8-A521-5DBA9EC8C50F}.Ad-Hoc|iPhone.Build.0 = Ad-Hoc|iPhone
		{5C1E1C97-FD1D-41A8-A521-5DBA9EC8C50F}.Ad-Hoc|iPhone.Deploy.0 = Ad-Hoc|iPhone
		{5C1E1C97-FD1D-41A8-A521-5DBA9EC8C50F}.Ad-Hoc|iPhoneSimulator.ActiveCfg = Ad-Hoc|iPhoneSimulator
		{5C1E1C97-FD1D-41A8-A521-5DBA9EC8C50F}.Ad-Hoc|iPhoneSimulator.Build.0 = Ad-Hoc|iPhoneSimulator
		{5C1E1C97-FD1D-41A8-A521-5DBA9EC8C50F}.Ad-Hoc|iPhoneSimulator.Deploy.0 = Ad-Hoc|iPhoneSimulator
		{5C1E1C97-FD1D-41A8-A521-5DBA9EC8C50F}.Ad-Hoc|x64.ActiveCfg = Ad-Hoc|iPhone
		{5C1E1C97-FD1D-41A8-A521-5DBA9EC8C50F}.Ad-Hoc|x64.Build.0 = Ad-Hoc|iPhone
		{5C1E1C97-FD1D-41A8-A521-5DBA9EC8C50F}.Ad-Hoc|x64.Deploy.0 = Ad-Hoc|iPhone
		{5C1E1C97-FD1D-41A8-A521-5DBA9EC8C50F}.Ad-Hoc|x86.ActiveCfg = Ad-Hoc|iPhone
		{5C1E1C97-FD1D-41A8-A521-5DBA9EC8C50F}.Ad-Hoc|x86.Build.0 = Ad-Hoc|iPhone
		{5C1E1C97-FD1D-41A8-A521-5DBA9EC8C50F}.Ad-Hoc|x86.Deploy.0 = Ad-Hoc|iPhone
		{5C1E1C97-FD1D-41A8-A521-5DBA9EC8C50F}.AppStore|Any CPU.ActiveCfg = AppStore|iPhone
		{5C1E1C97-FD1D-41A8-A521-5DBA9EC8C50F}.AppStore|Any CPU.Build.0 = AppStore|iPhone
		{5C1E1C97-FD1D-41A8-A521-5DBA9EC8C50F}.AppStore|Any CPU.Deploy.0 = AppStore|iPhone
		{5C1E1C97-FD1D-41A8-A521-5DBA9EC8C50F}.AppStore|ARM.ActiveCfg = AppStore|iPhone
		{5C1E1C97-FD1D-41A8-A521-5DBA9EC8C50F}.AppStore|ARM.Build.0 = AppStore|iPhone
		{5C1E1C97-FD1D-41A8-A521-5DBA9EC8C50F}.AppStore|ARM.Deploy.0 = AppStore|iPhone
		{5C1E1C97-FD1D-41A8-A521-5DBA9EC8C50F}.AppStore|iPhone.ActiveCfg = AppStore|iPhone
		{5C1E1C97-FD1D-41A8-A521-5DBA9EC8C50F}.AppStore|iPhone.Build.0 = AppStore|iPhone
		{5C1E1C97-FD1D-41A8-A521-5DBA9EC8C50F}.AppStore|iPhone.Deploy.0 = AppStore|iPhone
		{5C1E1C97-FD1D-41A8-A521-5DBA9EC8C50F}.AppStore|iPhoneSimulator.ActiveCfg = AppStore|iPhoneSimulator
		{5C1E1C97-FD1D-41A8-A521-5DBA9EC8C50F}.AppStore|iPhoneSimulator.Build.0 = AppStore|iPhoneSimulator
		{5C1E1C97-FD1D-41A8-A521-5DBA9EC8C50F}.AppStore|iPhoneSimulator.Deploy.0 = AppStore|iPhoneSimulator
		{5C1E1C97-FD1D-41A8-A521-5DBA9EC8C50F}.AppStore|x64.ActiveCfg = AppStore|iPhone
		{5C1E1C97-FD1D-41A8-A521-5DBA9EC8C50F}.AppStore|x64.Build.0 = AppStore|iPhone
		{5C1E1C97-FD1D-41A8-A521-5DBA9EC8C50F}.AppStore|x64.Deploy.0 = AppStore|iPhone
		{5C1E1C97-FD1D-41A8-A521-5DBA9EC8C50F}.AppStore|x86.ActiveCfg = AppStore|iPhone
		{5C1E1C97-FD1D-41A8-A521-5DBA9EC8C50F}.AppStore|x86.Build.0 = AppStore|iPhone
		{5C1E1C97-FD1D-41A8-A521-5DBA9EC8C50F}.AppStore|x86.Deploy.0 = AppStore|iPhone
		{5C1E1C97-FD1D-41A8-A521-5DBA9EC8C50F}.Debug|Any CPU.ActiveCfg = Debug|iPhoneSimulator
		{5C1E1C97-FD1D-41A8-A521-5DBA9EC8C50F}.Debug|Any CPU.Build.0 = Debug|iPhoneSimulator
		{5C1E1C97-FD1D-41A8-A521-5DBA9EC8C50F}.Debug|Any CPU.Deploy.0 = Debug|iPhoneSimulator
		{5C1E1C97-FD1D-41A8-A521-5DBA9EC8C50F}.Debug|ARM.ActiveCfg = Debug|iPhone
		{5C1E1C97-FD1D-41A8-A521-5DBA9EC8C50F}.Debug|ARM.Build.0 = Debug|iPhone
		{5C1E1C97-FD1D-41A8-A521-5DBA9EC8C50F}.Debug|ARM.Deploy.0 = Debug|iPhone
		{5C1E1C97-FD1D-41A8-A521-5DBA9EC8C50F}.Debug|iPhone.ActiveCfg = Debug|iPhone
		{5C1E1C97-FD1D-41A8-A521-5DBA9EC8C50F}.Debug|iPhone.Build.0 = Debug|iPhone
		{5C1E1C97-FD1D-41A8-A521-5DBA9EC8C50F}.Debug|iPhone.Deploy.0 = Debug|iPhone
		{5C1E1C97-FD1D-41A8-A521-5DBA9EC8C50F}.Debug|iPhoneSimulator.ActiveCfg = Debug|iPhoneSimulator
		{5C1E1C97-FD1D-41A8-A521-5DBA9EC8C50F}.Debug|iPhoneSimulator.Build.0 = Debug|iPhoneSimulator
		{5C1E1C97-FD1D-41A8-A521-5DBA9EC8C50F}.Debug|iPhoneSimulator.Deploy.0 = Debug|iPhoneSimulator
		{5C1E1C97-FD1D-41A8-A521-5DBA9EC8C50F}.Debug|x64.ActiveCfg = Debug|iPhone
		{5C1E1C97-FD1D-41A8-A521-5DBA9EC8C50F}.Debug|x64.Build.0 = Debug|iPhone
		{5C1E1C97-FD1D-41A8-A521-5DBA9EC8C50F}.Debug|x64.Deploy.0 = Debug|iPhone
		{5C1E1C97-FD1D-41A8-A521-5DBA9EC8C50F}.Debug|x86.ActiveCfg = Debug|iPhone
		{5C1E1C97-FD1D-41A8-A521-5DBA9EC8C50F}.Debug|x86.Build.0 = Debug|iPhone
		{5C1E1C97-FD1D-41A8-A521-5DBA9EC8C50F}.Debug|x86.Deploy.0 = Debug|iPhone
		{5C1E1C97-FD1D-41A8-A521-5DBA9EC8C50F}.Release|Any CPU.ActiveCfg = Release|iPhone
		{5C1E1C97-FD1D-41A8-A521-5DBA9EC8C50F}.Release|Any CPU.Build.0 = Release|iPhone
		{5C1E1C97-FD1D-41A8-A521-5DBA9EC8C50F}.Release|Any CPU.Deploy.0 = Release|iPhone
		{5C1E1C97-FD1D-41A8-A521-5DBA9EC8C50F}.Release|ARM.ActiveCfg = Release|iPhone
		{5C1E1C97-FD1D-41A8-A521-5DBA9EC8C50F}.Release|ARM.Build.0 = Release|iPhone
		{5C1E1C97-FD1D-41A8-A521-5DBA9EC8C50F}.Release|ARM.Deploy.0 = Release|iPhone
		{5C1E1C97-FD1D-41A8-A521-5DBA9EC8C50F}.Release|iPhone.ActiveCfg = Release|iPhone
		{5C1E1C97-FD1D-41A8-A521-5DBA9EC8C50F}.Release|iPhone.Build.0 = Release|iPhone
		{5C1E1C97-FD1D-41A8-A521-5DBA9EC8C50F}.Release|iPhone.Deploy.0 = Release|iPhone
		{5C1E1C97-FD1D-41A8-A521-5DBA9EC8C50F}.Release|iPhoneSimulator.ActiveCfg = Release|iPhoneSimulator
		{5C1E1C97-FD1D-41A8-A521-5DBA9EC8C50F}.Release|iPhoneSimulator.Build.0 = Release|iPhoneSimulator
		{5C1E1C97-FD1D-41A8-A521-5DBA9EC8C50F}.Release|iPhoneSimulator.Deploy.0 = Release|iPhoneSimulator
		{5C1E1C97-FD1D-41A8-A521-5DBA9EC8C50F}.Release|x64.ActiveCfg = Release|iPhone
		{5C1E1C97-FD1D-41A8-A521-5DBA9EC8C50F}.Release|x64.Build.0 = Release|iPhone
		{5C1E1C97-FD1D-41A8-A521-5DBA9EC8C50F}.Release|x64.Deploy.0 = Release|iPhone
		{5C1E1C97-FD1D-41A8-A521-5DBA9EC8C50F}.Release|x86.ActiveCfg = Release|iPhone
		{5C1E1C97-FD1D-41A8-A521-5DBA9EC8C50F}.Release|x86.Build.0 = Release|iPhone
		{5C1E1C97-FD1D-41A8-A521-5DBA9EC8C50F}.Release|x86.Deploy.0 = Release|iPhone
		{C0EAA610-705F-4DA1-86C1-040C04A58E67}.Ad-Hoc|Any CPU.ActiveCfg = Release|x86
		{C0EAA610-705F-4DA1-86C1-040C04A58E67}.Ad-Hoc|Any CPU.Build.0 = Release|x86
		{C0EAA610-705F-4DA1-86C1-040C04A58E67}.Ad-Hoc|Any CPU.Deploy.0 = Release|x86
		{C0EAA610-705F-4DA1-86C1-040C04A58E67}.Ad-Hoc|ARM.ActiveCfg = Release|ARM
		{C0EAA610-705F-4DA1-86C1-040C04A58E67}.Ad-Hoc|ARM.Build.0 = Release|ARM
		{C0EAA610-705F-4DA1-86C1-040C04A58E67}.Ad-Hoc|ARM.Deploy.0 = Release|ARM
		{C0EAA610-705F-4DA1-86C1-040C04A58E67}.Ad-Hoc|iPhone.ActiveCfg = Release|x86
		{C0EAA610-705F-4DA1-86C1-040C04A58E67}.Ad-Hoc|iPhone.Build.0 = Release|x86
		{C0EAA610-705F-4DA1-86C1-040C04A58E67}.Ad-Hoc|iPhone.Deploy.0 = Release|x86
		{C0EAA610-705F-4DA1-86C1-040C04A58E67}.Ad-Hoc|iPhoneSimulator.ActiveCfg = Release|x86
		{C0EAA610-705F-4DA1-86C1-040C04A58E67}.Ad-Hoc|iPhoneSimulator.Build.0 = Release|x86
		{C0EAA610-705F-4DA1-86C1-040C04A58E67}.Ad-Hoc|iPhoneSimulator.Deploy.0 = Release|x86
		{C0EAA610-705F-4DA1-86C1-040C04A58E67}.Ad-Hoc|x64.ActiveCfg = Release|x64
		{C0EAA610-705F-4DA1-86C1-040C04A58E67}.Ad-Hoc|x64.Build.0 = Release|x64
		{C0EAA610-705F-4DA1-86C1-040C04A58E67}.Ad-Hoc|x64.Deploy.0 = Release|x64
		{C0EAA610-705F-4DA1-86C1-040C04A58E67}.Ad-Hoc|x86.ActiveCfg = Release|x86
		{C0EAA610-705F-4DA1-86C1-040C04A58E67}.Ad-Hoc|x86.Build.0 = Release|x86
		{C0EAA610-705F-4DA1-86C1-040C04A58E67}.Ad-Hoc|x86.Deploy.0 = Release|x86
		{C0EAA610-705F-4DA1-86C1-040C04A58E67}.AppStore|Any CPU.ActiveCfg = Release|x86
		{C0EAA610-705F-4DA1-86C1-040C04A58E67}.AppStore|Any CPU.Build.0 = Release|x86
		{C0EAA610-705F-4DA1-86C1-040C04A58E67}.AppStore|Any CPU.Deploy.0 = Release|x86
		{C0EAA610-705F-4DA1-86C1-040C04A58E67}.AppStore|ARM.ActiveCfg = Release|ARM
		{C0EAA610-705F-4DA1-86C1-040C04A58E67}.AppStore|ARM.Build.0 = Release|ARM
		{C0EAA610-705F-4DA1-86C1-040C04A58E67}.AppStore|ARM.Deploy.0 = Release|ARM
		{C0EAA610-705F-4DA1-86C1-040C04A58E67}.AppStore|iPhone.ActiveCfg = Release|x86
		{C0EAA610-705F-4DA1-86C1-040C04A58E67}.AppStore|iPhone.Build.0 = Release|x86
		{C0EAA610-705F-4DA1-86C1-040C04A58E67}.AppStore|iPhone.Deploy.0 = Release|x86
		{C0EAA610-705F-4DA1-86C1-040C04A58E67}.AppStore|iPhoneSimulator.ActiveCfg = Release|x86
		{C0EAA610-705F-4DA1-86C1-040C04A58E67}.AppStore|iPhoneSimulator.Build.0 = Release|x86
		{C0EAA610-705F-4DA1-86C1-040C04A58E67}.AppStore|iPhoneSimulator.Deploy.0 = Release|x86
		{C0EAA610-705F-4DA1-86C1-040C04A58E67}.AppStore|x64.ActiveCfg = Release|x64
		{C0EAA610-705F-4DA1-86C1-040C04A58E67}.AppStore|x64.Build.0 = Release|x64
		{C0EAA610-705F-4DA1-86C1-040C04A58E67}.AppStore|x64.Deploy.0 = Release|x64
		{C0EAA610-705F-4DA1-86C1-040C04A58E67}.AppStore|x86.ActiveCfg = Release|x86
		{C0EAA610-705F-4DA1-86C1-040C04A58E67}.AppStore|x86.Build.0 = Release|x86
		{C0EAA610-705F-4DA1-86C1-040C04A58E67}.AppStore|x86.Deploy.0 = Release|x86
		{C0EAA610-705F-4DA1-86C1-040C04A58E67}.Debug|Any CPU.ActiveCfg = Debug|x86
		{C0EAA610-705F-4DA1-86C1-040C04A58E67}.Debug|Any CPU.Build.0 = Debug|x86
		{C0EAA610-705F-4DA1-86C1-040C04A58E67}.Debug|Any CPU.Deploy.0 = Debug|x86
		{C0EAA610-705F-4DA1-86C1-040C04A58E67}.Debug|ARM.ActiveCfg = Debug|ARM
		{C0EAA610-705F-4DA1-86C1-040C04A58E67}.Debug|ARM.Build.0 = Debug|ARM
		{C0EAA610-705F-4DA1-86C1-040C04A58E67}.Debug|ARM.Deploy.0 = Debug|ARM
		{C0EAA610-705F-4DA1-86C1-040C04A58E67}.Debug|iPhone.ActiveCfg = Debug|x86
		{C0EAA610-705F-4DA1-86C1-040C04A58E67}.Debug|iPhone.Build.0 = Debug|x86
		{C0EAA610-705F-4DA1-86C1-040C04A58E67}.Debug|iPhone.Deploy.0 = Debug|x86
		{C0EAA610-705F-4DA1-86C1-040C04A58E67}.Debug|iPhoneSimulator.ActiveCfg = Debug|x86
		{C0EAA610-705F-4DA1-86C1-040C04A58E67}.Debug|iPhoneSimulator.Build.0 = Debug|x86
		{C0EAA610-705F-4DA1-86C1-040C04A58E67}.Debug|iPhoneSimulator.Deploy.0 = Debug|x86
		{C0EAA610-705F-4DA1-86C1-040C04A58E67}.Debug|x64.ActiveCfg = Debug|x64
		{C0EAA610-705F-4DA1-86C1-040C04A58E67}.Debug|x64.Build.0 = Debug|x64
		{C0EAA610-705F-4DA1-86C1-040C04A58E67}.Debug|x64.Deploy.0 = Debug|x64
		{C0EAA610-705F-4DA1-86C1-040C04A58E67}.Debug|x86.ActiveCfg = Debug|x86
		{C0EAA610-705F-4DA1-86C1-040C04A58E67}.Debug|x86.Build.0 = Debug|x86
		{C0EAA610-705F-4DA1-86C1-040C04A58E67}.Debug|x86.Deploy.0 = Debug|x86
		{C0EAA610-705F-4DA1-86C1-040C04A58E67}.Release|Any CPU.ActiveCfg = Release|x86
		{C0EAA610-705F-4DA1-86C1-040C04A58E67}.Release|Any CPU.Build.0 = Release|x86
		{C0EAA610-705F-4DA1-86C1-040C04A58E67}.Release|Any CPU.Deploy.0 = Release|x86
		{C0EAA610-705F-4DA1-86C1-040C04A58E67}.Release|ARM.ActiveCfg = Release|ARM
		{C0EAA610-705F-4DA1-86C1-040C04A58E67}.Release|ARM.Build.0 = Release|ARM
		{C0EAA610-705F-4DA1-86C1-040C04A58E67}.Release|ARM.Deploy.0 = Release|ARM
		{C0EAA610-705F-4DA1-86C1-040C04A58E67}.Release|iPhone.ActiveCfg = Release|x86
		{C0EAA610-705F-4DA1-86C1-040C04A58E67}.Release|iPhone.Build.0 = Release|x86
		{C0EAA610-705F-4DA1-86C1-040C04A58E67}.Release|iPhone.Deploy.0 = Release|x86
		{C0EAA610-705F-4DA1-86C1-040C04A58E67}.Release|iPhoneSimulator.ActiveCfg = Release|x86
		{C0EAA610-705F-4DA1-86C1-040C04A58E67}.Release|iPhoneSimulator.Build.0 = Release|x86
		{C0EAA610-705F-4DA1-86C1-040C04A58E67}.Release|iPhoneSimulator.Deploy.0 = Release|x86
		{C0EAA610-705F-4DA1-86C1-040C04A58E67}.Release|x64.ActiveCfg = Release|x64
		{C0EAA610-705F-4DA1-86C1-040C04A58E67}.Release|x64.Build.0 = Release|x64
		{C0EAA610-705F-4DA1-86C1-040C04A58E67}.Release|x64.Deploy.0 = Release|x64
		{C0EAA610-705F-4DA1-86C1-040C04A58E67}.Release|x86.ActiveCfg = Release|x86
		{C0EAA610-705F-4DA1-86C1-040C04A58E67}.Release|x86.Build.0 = Release|x86
		{C0EAA610-705F-4DA1-86C1-040C04A58E67}.Release|x86.Deploy.0 = Release|x86
		{2BAB438F-C701-41EF-A5F7-2D646B19C5B9}.Ad-Hoc|Any CPU.ActiveCfg = Debug|Any CPU
		{2BAB438F-C701-41EF-A5F7-2D646B19C5B9}.Ad-Hoc|Any CPU.Build.0 = Debug|Any CPU
		{2BAB438F-C701-41EF-A5F7-2D646B19C5B9}.Ad-Hoc|Any CPU.Deploy.0 = Debug|Any CPU
		{2BAB438F-C701-41EF-A5F7-2D646B19C5B9}.Ad-Hoc|ARM.ActiveCfg = Debug|Any CPU
		{2BAB438F-C701-41EF-A5F7-2D646B19C5B9}.Ad-Hoc|ARM.Build.0 = Debug|Any CPU
		{2BAB438F-C701-41EF-A5F7-2D646B19C5B9}.Ad-Hoc|ARM.Deploy.0 = Debug|Any CPU
		{2BAB438F-C701-41EF-A5F7-2D646B19C5B9}.Ad-Hoc|iPhone.ActiveCfg = Debug|Any CPU
		{2BAB438F-C701-41EF-A5F7-2D646B19C5B9}.Ad-Hoc|iPhone.Build.0 = Debug|Any CPU
		{2BAB438F-C701-41EF-A5F7-2D646B19C5B9}.Ad-Hoc|iPhone.Deploy.0 = Debug|Any CPU
		{2BAB438F-C701-41EF-A5F7-2D646B19C5B9}.Ad-Hoc|iPhoneSimulator.ActiveCfg = Debug|Any CPU
		{2BAB438F-C701-41EF-A5F7-2D646B19C5B9}.Ad-Hoc|iPhoneSimulator.Build.0 = Debug|Any CPU
		{2BAB438F-C701-41EF-A5F7-2D646B19C5B9}.Ad-Hoc|iPhoneSimulator.Deploy.0 = Debug|Any CPU
		{2BAB438F-C701-41EF-A5F7-2D646B19C5B9}.Ad-Hoc|x64.ActiveCfg = Debug|Any CPU
		{2BAB438F-C701-41EF-A5F7-2D646B19C5B9}.Ad-Hoc|x64.Build.0 = Debug|Any CPU
		{2BAB438F-C701-41EF-A5F7-2D646B19C5B9}.Ad-Hoc|x64.Deploy.0 = Debug|Any CPU
		{2BAB438F-C701-41EF-A5F7-2D646B19C5B9}.Ad-Hoc|x86.ActiveCfg = Debug|Any CPU
		{2BAB438F-C701-41EF-A5F7-2D646B19C5B9}.Ad-Hoc|x86.Build.0 = Debug|Any CPU
		{2BAB438F-C701-41EF-A5F7-2D646B19C5B9}.Ad-Hoc|x86.Deploy.0 = Debug|Any CPU
		{2BAB438F-C701-41EF-A5F7-2D646B19C5B9}.AppStore|Any CPU.ActiveCfg = Debug|Any CPU
		{2BAB438F-C701-41EF-A5F7-2D646B19C5B9}.AppStore|Any CPU.Build.0 = Debug|Any CPU
		{2BAB438F-C701-41EF-A5F7-2D646B19C5B9}.AppStore|Any CPU.Deploy.0 = Debug|Any CPU
		{2BAB438F-C701-41EF-A5F7-2D646B19C5B9}.AppStore|ARM.ActiveCfg = Debug|Any CPU
		{2BAB438F-C701-41EF-A5F7-2D646B19C5B9}.AppStore|ARM.Build.0 = Debug|Any CPU
		{2BAB438F-C701-41EF-A5F7-2D646B19C5B9}.AppStore|ARM.Deploy.0 = Debug|Any CPU
		{2BAB438F-C701-41EF-A5F7-2D646B19C5B9}.AppStore|iPhone.ActiveCfg = Debug|Any CPU
		{2BAB438F-C701-41EF-A5F7-2D646B19C5B9}.AppStore|iPhone.Build.0 = Debug|Any CPU
		{2BAB438F-C701-41EF-A5F7-2D646B19C5B9}.AppStore|iPhone.Deploy.0 = Debug|Any CPU
		{2BAB438F-C701-41EF-A5F7-2D646B19C5B9}.AppStore|iPhoneSimulator.ActiveCfg = Debug|Any CPU
		{2BAB438F-C701-41EF-A5F7-2D646B19C5B9}.AppStore|iPhoneSimulator.Build.0 = Debug|Any CPU
		{2BAB438F-C701-41EF-A5F7-2D646B19C5B9}.AppStore|iPhoneSimulator.Deploy.0 = Debug|Any CPU
		{2BAB438F-C701-41EF-A5F7-2D646B19C5B9}.AppStore|x64.ActiveCfg = Debug|Any CPU
		{2BAB438F-C701-41EF-A5F7-2D646B19C5B9}.AppStore|x64.Build.0 = Debug|Any CPU
		{2BAB438F-C701-41EF-A5F7-2D646B19C5B9}.AppStore|x64.Deploy.0 = Debug|Any CPU
		{2BAB438F-C701-41EF-A5F7-2D646B19C5B9}.AppStore|x86.ActiveCfg = Debug|Any CPU
		{2BAB438F-C701-41EF-A5F7-2D646B19C5B9}.AppStore|x86.Build.0 = Debug|Any CPU
		{2BAB438F-C701-41EF-A5F7-2D646B19C5B9}.AppStore|x86.Deploy.0 = Debug|Any CPU
		{2BAB438F-C701-41EF-A5F7-2D646B19C5B9}.Debug|Any CPU.ActiveCfg = Debug|Any CPU
		{2BAB438F-C701-41EF-A5F7-2D646B19C5B9}.Debug|Any CPU.Build.0 = Debug|Any CPU
		{2BAB438F-C701-41EF-A5F7-2D646B19C5B9}.Debug|Any CPU.Deploy.0 = Debug|Any CPU
		{2BAB438F-C701-41EF-A5F7-2D646B19C5B9}.Debug|ARM.ActiveCfg = Debug|Any CPU
		{2BAB438F-C701-41EF-A5F7-2D646B19C5B9}.Debug|ARM.Build.0 = Debug|Any CPU
		{2BAB438F-C701-41EF-A5F7-2D646B19C5B9}.Debug|ARM.Deploy.0 = Debug|Any CPU
		{2BAB438F-C701-41EF-A5F7-2D646B19C5B9}.Debug|iPhone.ActiveCfg = Debug|Any CPU
		{2BAB438F-C701-41EF-A5F7-2D646B19C5B9}.Debug|iPhone.Build.0 = Debug|Any CPU
		{2BAB438F-C701-41EF-A5F7-2D646B19C5B9}.Debug|iPhone.Deploy.0 = Debug|Any CPU
		{2BAB438F-C701-41EF-A5F7-2D646B19C5B9}.Debug|iPhoneSimulator.ActiveCfg = Debug|Any CPU
		{2BAB438F-C701-41EF-A5F7-2D646B19C5B9}.Debug|iPhoneSimulator.Build.0 = Debug|Any CPU
		{2BAB438F-C701-41EF-A5F7-2D646B19C5B9}.Debug|iPhoneSimulator.Deploy.0 = Debug|Any CPU
		{2BAB438F-C701-41EF-A5F7-2D646B19C5B9}.Debug|x64.ActiveCfg = Debug|Any CPU
		{2BAB438F-C701-41EF-A5F7-2D646B19C5B9}.Debug|x64.Build.0 = Debug|Any CPU
		{2BAB438F-C701-41EF-A5F7-2D646B19C5B9}.Debug|x64.Deploy.0 = Debug|Any CPU
		{2BAB438F-C701-41EF-A5F7-2D646B19C5B9}.Debug|x86.ActiveCfg = Debug|Any CPU
		{2BAB438F-C701-41EF-A5F7-2D646B19C5B9}.Debug|x86.Build.0 = Debug|Any CPU
		{2BAB438F-C701-41EF-A5F7-2D646B19C5B9}.Debug|x86.Deploy.0 = Debug|Any CPU
		{2BAB438F-C701-41EF-A5F7-2D646B19C5B9}.Release|Any CPU.ActiveCfg = Release|Any CPU
		{2BAB438F-C701-41EF-A5F7-2D646B19C5B9}.Release|Any CPU.Build.0 = Release|Any CPU
		{2BAB438F-C701-41EF-A5F7-2D646B19C5B9}.Release|Any CPU.Deploy.0 = Release|Any CPU
		{2BAB438F-C701-41EF-A5F7-2D646B19C5B9}.Release|ARM.ActiveCfg = Release|Any CPU
		{2BAB438F-C701-41EF-A5F7-2D646B19C5B9}.Release|ARM.Build.0 = Release|Any CPU
		{2BAB438F-C701-41EF-A5F7-2D646B19C5B9}.Release|ARM.Deploy.0 = Release|Any CPU
		{2BAB438F-C701-41EF-A5F7-2D646B19C5B9}.Release|iPhone.ActiveCfg = Release|Any CPU
		{2BAB438F-C701-41EF-A5F7-2D646B19C5B9}.Release|iPhone.Build.0 = Release|Any CPU
		{2BAB438F-C701-41EF-A5F7-2D646B19C5B9}.Release|iPhone.Deploy.0 = Release|Any CPU
		{2BAB438F-C701-41EF-A5F7-2D646B19C5B9}.Release|iPhoneSimulator.ActiveCfg = Release|Any CPU
		{2BAB438F-C701-41EF-A5F7-2D646B19C5B9}.Release|iPhoneSimulator.Build.0 = Release|Any CPU
		{2BAB438F-C701-41EF-A5F7-2D646B19C5B9}.Release|iPhoneSimulator.Deploy.0 = Release|Any CPU
		{2BAB438F-C701-41EF-A5F7-2D646B19C5B9}.Release|x64.ActiveCfg = Release|Any CPU
		{2BAB438F-C701-41EF-A5F7-2D646B19C5B9}.Release|x64.Build.0 = Release|Any CPU
		{2BAB438F-C701-41EF-A5F7-2D646B19C5B9}.Release|x64.Deploy.0 = Release|Any CPU
		{2BAB438F-C701-41EF-A5F7-2D646B19C5B9}.Release|x86.ActiveCfg = Release|Any CPU
		{2BAB438F-C701-41EF-A5F7-2D646B19C5B9}.Release|x86.Build.0 = Release|Any CPU
		{2BAB438F-C701-41EF-A5F7-2D646B19C5B9}.Release|x86.Deploy.0 = Release|Any CPU
		{EA62B2BB-2CEA-425B-B2D0-F6D44E30922D}.Ad-Hoc|Any CPU.ActiveCfg = Release|Any CPU
		{EA62B2BB-2CEA-425B-B2D0-F6D44E30922D}.Ad-Hoc|Any CPU.Build.0 = Release|Any CPU
		{EA62B2BB-2CEA-425B-B2D0-F6D44E30922D}.Ad-Hoc|ARM.ActiveCfg = Release|Any CPU
		{EA62B2BB-2CEA-425B-B2D0-F6D44E30922D}.Ad-Hoc|ARM.Build.0 = Release|Any CPU
		{EA62B2BB-2CEA-425B-B2D0-F6D44E30922D}.Ad-Hoc|iPhone.ActiveCfg = Release|Any CPU
		{EA62B2BB-2CEA-425B-B2D0-F6D44E30922D}.Ad-Hoc|iPhone.Build.0 = Release|Any CPU
		{EA62B2BB-2CEA-425B-B2D0-F6D44E30922D}.Ad-Hoc|iPhoneSimulator.ActiveCfg = Release|Any CPU
		{EA62B2BB-2CEA-425B-B2D0-F6D44E30922D}.Ad-Hoc|iPhoneSimulator.Build.0 = Release|Any CPU
		{EA62B2BB-2CEA-425B-B2D0-F6D44E30922D}.Ad-Hoc|x64.ActiveCfg = Release|Any CPU
		{EA62B2BB-2CEA-425B-B2D0-F6D44E30922D}.Ad-Hoc|x64.Build.0 = Release|Any CPU
		{EA62B2BB-2CEA-425B-B2D0-F6D44E30922D}.Ad-Hoc|x86.ActiveCfg = Release|Any CPU
		{EA62B2BB-2CEA-425B-B2D0-F6D44E30922D}.Ad-Hoc|x86.Build.0 = Release|Any CPU
		{EA62B2BB-2CEA-425B-B2D0-F6D44E30922D}.AppStore|Any CPU.ActiveCfg = Release|Any CPU
		{EA62B2BB-2CEA-425B-B2D0-F6D44E30922D}.AppStore|Any CPU.Build.0 = Release|Any CPU
		{EA62B2BB-2CEA-425B-B2D0-F6D44E30922D}.AppStore|ARM.ActiveCfg = Release|Any CPU
		{EA62B2BB-2CEA-425B-B2D0-F6D44E30922D}.AppStore|ARM.Build.0 = Release|Any CPU
		{EA62B2BB-2CEA-425B-B2D0-F6D44E30922D}.AppStore|iPhone.ActiveCfg = Release|Any CPU
		{EA62B2BB-2CEA-425B-B2D0-F6D44E30922D}.AppStore|iPhone.Build.0 = Release|Any CPU
		{EA62B2BB-2CEA-425B-B2D0-F6D44E30922D}.AppStore|iPhoneSimulator.ActiveCfg = Release|Any CPU
		{EA62B2BB-2CEA-425B-B2D0-F6D44E30922D}.AppStore|iPhoneSimulator.Build.0 = Release|Any CPU
		{EA62B2BB-2CEA-425B-B2D0-F6D44E30922D}.AppStore|x64.ActiveCfg = Release|Any CPU
		{EA62B2BB-2CEA-425B-B2D0-F6D44E30922D}.AppStore|x64.Build.0 = Release|Any CPU
		{EA62B2BB-2CEA-425B-B2D0-F6D44E30922D}.AppStore|x86.ActiveCfg = Release|Any CPU
		{EA62B2BB-2CEA-425B-B2D0-F6D44E30922D}.AppStore|x86.Build.0 = Release|Any CPU
		{EA62B2BB-2CEA-425B-B2D0-F6D44E30922D}.Debug|Any CPU.ActiveCfg = Debug|Any CPU
		{EA62B2BB-2CEA-425B-B2D0-F6D44E30922D}.Debug|Any CPU.Build.0 = Debug|Any CPU
		{EA62B2BB-2CEA-425B-B2D0-F6D44E30922D}.Debug|ARM.ActiveCfg = Debug|Any CPU
		{EA62B2BB-2CEA-425B-B2D0-F6D44E30922D}.Debug|ARM.Build.0 = Debug|Any CPU
		{EA62B2BB-2CEA-425B-B2D0-F6D44E30922D}.Debug|iPhone.ActiveCfg = Debug|Any CPU
		{EA62B2BB-2CEA-425B-B2D0-F6D44E30922D}.Debug|iPhone.Build.0 = Debug|Any CPU
		{EA62B2BB-2CEA-425B-B2D0-F6D44E30922D}.Debug|iPhoneSimulator.ActiveCfg = Debug|Any CPU
		{EA62B2BB-2CEA-425B-B2D0-F6D44E30922D}.Debug|iPhoneSimulator.Build.0 = Debug|Any CPU
		{EA62B2BB-2CEA-425B-B2D0-F6D44E30922D}.Debug|x64.ActiveCfg = Debug|Any CPU
		{EA62B2BB-2CEA-425B-B2D0-F6D44E30922D}.Debug|x64.Build.0 = Debug|Any CPU
		{EA62B2BB-2CEA-425B-B2D0-F6D44E30922D}.Debug|x86.ActiveCfg = Debug|Any CPU
		{EA62B2BB-2CEA-425B-B2D0-F6D44E30922D}.Debug|x86.Build.0 = Debug|Any CPU
		{EA62B2BB-2CEA-425B-B2D0-F6D44E30922D}.Release|Any CPU.ActiveCfg = Release|Any CPU
		{EA62B2BB-2CEA-425B-B2D0-F6D44E30922D}.Release|Any CPU.Build.0 = Release|Any CPU
		{EA62B2BB-2CEA-425B-B2D0-F6D44E30922D}.Release|ARM.ActiveCfg = Release|Any CPU
		{EA62B2BB-2CEA-425B-B2D0-F6D44E30922D}.Release|ARM.Build.0 = Release|Any CPU
		{EA62B2BB-2CEA-425B-B2D0-F6D44E30922D}.Release|iPhone.ActiveCfg = Release|Any CPU
		{EA62B2BB-2CEA-425B-B2D0-F6D44E30922D}.Release|iPhone.Build.0 = Release|Any CPU
		{EA62B2BB-2CEA-425B-B2D0-F6D44E30922D}.Release|iPhoneSimulator.ActiveCfg = Release|Any CPU
		{EA62B2BB-2CEA-425B-B2D0-F6D44E30922D}.Release|iPhoneSimulator.Build.0 = Release|Any CPU
		{EA62B2BB-2CEA-425B-B2D0-F6D44E30922D}.Release|x64.ActiveCfg = Release|Any CPU
		{EA62B2BB-2CEA-425B-B2D0-F6D44E30922D}.Release|x64.Build.0 = Release|Any CPU
		{EA62B2BB-2CEA-425B-B2D0-F6D44E30922D}.Release|x86.ActiveCfg = Release|Any CPU
		{EA62B2BB-2CEA-425B-B2D0-F6D44E30922D}.Release|x86.Build.0 = Release|Any CPU
		{8F6EFE85-0D91-45D0-B6E8-098EB454EBF2}.Ad-Hoc|Any CPU.ActiveCfg = Release|Any CPU
		{8F6EFE85-0D91-45D0-B6E8-098EB454EBF2}.Ad-Hoc|Any CPU.Build.0 = Release|Any CPU
		{8F6EFE85-0D91-45D0-B6E8-098EB454EBF2}.Ad-Hoc|ARM.ActiveCfg = Release|Any CPU
		{8F6EFE85-0D91-45D0-B6E8-098EB454EBF2}.Ad-Hoc|ARM.Build.0 = Release|Any CPU
		{8F6EFE85-0D91-45D0-B6E8-098EB454EBF2}.Ad-Hoc|iPhone.ActiveCfg = Release|Any CPU
		{8F6EFE85-0D91-45D0-B6E8-098EB454EBF2}.Ad-Hoc|iPhone.Build.0 = Release|Any CPU
		{8F6EFE85-0D91-45D0-B6E8-098EB454EBF2}.Ad-Hoc|iPhoneSimulator.ActiveCfg = Release|Any CPU
		{8F6EFE85-0D91-45D0-B6E8-098EB454EBF2}.Ad-Hoc|iPhoneSimulator.Build.0 = Release|Any CPU
		{8F6EFE85-0D91-45D0-B6E8-098EB454EBF2}.Ad-Hoc|x64.ActiveCfg = Release|Any CPU
		{8F6EFE85-0D91-45D0-B6E8-098EB454EBF2}.Ad-Hoc|x64.Build.0 = Release|Any CPU
		{8F6EFE85-0D91-45D0-B6E8-098EB454EBF2}.Ad-Hoc|x86.ActiveCfg = Release|Any CPU
		{8F6EFE85-0D91-45D0-B6E8-098EB454EBF2}.Ad-Hoc|x86.Build.0 = Release|Any CPU
		{8F6EFE85-0D91-45D0-B6E8-098EB454EBF2}.AppStore|Any CPU.ActiveCfg = Release|Any CPU
		{8F6EFE85-0D91-45D0-B6E8-098EB454EBF2}.AppStore|Any CPU.Build.0 = Release|Any CPU
		{8F6EFE85-0D91-45D0-B6E8-098EB454EBF2}.AppStore|ARM.ActiveCfg = Release|Any CPU
		{8F6EFE85-0D91-45D0-B6E8-098EB454EBF2}.AppStore|ARM.Build.0 = Release|Any CPU
		{8F6EFE85-0D91-45D0-B6E8-098EB454EBF2}.AppStore|iPhone.ActiveCfg = Release|Any CPU
		{8F6EFE85-0D91-45D0-B6E8-098EB454EBF2}.AppStore|iPhone.Build.0 = Release|Any CPU
		{8F6EFE85-0D91-45D0-B6E8-098EB454EBF2}.AppStore|iPhoneSimulator.ActiveCfg = Release|Any CPU
		{8F6EFE85-0D91-45D0-B6E8-098EB454EBF2}.AppStore|iPhoneSimulator.Build.0 = Release|Any CPU
		{8F6EFE85-0D91-45D0-B6E8-098EB454EBF2}.AppStore|x64.ActiveCfg = Release|Any CPU
		{8F6EFE85-0D91-45D0-B6E8-098EB454EBF2}.AppStore|x64.Build.0 = Release|Any CPU
		{8F6EFE85-0D91-45D0-B6E8-098EB454EBF2}.AppStore|x86.ActiveCfg = Release|Any CPU
		{8F6EFE85-0D91-45D0-B6E8-098EB454EBF2}.AppStore|x86.Build.0 = Release|Any CPU
		{8F6EFE85-0D91-45D0-B6E8-098EB454EBF2}.Debug|Any CPU.ActiveCfg = Debug|Any CPU
		{8F6EFE85-0D91-45D0-B6E8-098EB454EBF2}.Debug|Any CPU.Build.0 = Debug|Any CPU
		{8F6EFE85-0D91-45D0-B6E8-098EB454EBF2}.Debug|ARM.ActiveCfg = Debug|Any CPU
		{8F6EFE85-0D91-45D0-B6E8-098EB454EBF2}.Debug|ARM.Build.0 = Debug|Any CPU
		{8F6EFE85-0D91-45D0-B6E8-098EB454EBF2}.Debug|iPhone.ActiveCfg = Debug|Any CPU
		{8F6EFE85-0D91-45D0-B6E8-098EB454EBF2}.Debug|iPhone.Build.0 = Debug|Any CPU
		{8F6EFE85-0D91-45D0-B6E8-098EB454EBF2}.Debug|iPhoneSimulator.ActiveCfg = Debug|Any CPU
		{8F6EFE85-0D91-45D0-B6E8-098EB454EBF2}.Debug|iPhoneSimulator.Build.0 = Debug|Any CPU
		{8F6EFE85-0D91-45D0-B6E8-098EB454EBF2}.Debug|x64.ActiveCfg = Debug|Any CPU
		{8F6EFE85-0D91-45D0-B6E8-098EB454EBF2}.Debug|x64.Build.0 = Debug|Any CPU
		{8F6EFE85-0D91-45D0-B6E8-098EB454EBF2}.Debug|x86.ActiveCfg = Debug|Any CPU
		{8F6EFE85-0D91-45D0-B6E8-098EB454EBF2}.Debug|x86.Build.0 = Debug|Any CPU
		{8F6EFE85-0D91-45D0-B6E8-098EB454EBF2}.Release|Any CPU.ActiveCfg = Release|Any CPU
		{8F6EFE85-0D91-45D0-B6E8-098EB454EBF2}.Release|Any CPU.Build.0 = Release|Any CPU
		{8F6EFE85-0D91-45D0-B6E8-098EB454EBF2}.Release|ARM.ActiveCfg = Release|Any CPU
		{8F6EFE85-0D91-45D0-B6E8-098EB454EBF2}.Release|ARM.Build.0 = Release|Any CPU
		{8F6EFE85-0D91-45D0-B6E8-098EB454EBF2}.Release|iPhone.ActiveCfg = Release|Any CPU
		{8F6EFE85-0D91-45D0-B6E8-098EB454EBF2}.Release|iPhone.Build.0 = Release|Any CPU
		{8F6EFE85-0D91-45D0-B6E8-098EB454EBF2}.Release|iPhoneSimulator.ActiveCfg = Release|Any CPU
		{8F6EFE85-0D91-45D0-B6E8-098EB454EBF2}.Release|iPhoneSimulator.Build.0 = Release|Any CPU
		{8F6EFE85-0D91-45D0-B6E8-098EB454EBF2}.Release|x64.ActiveCfg = Release|Any CPU
		{8F6EFE85-0D91-45D0-B6E8-098EB454EBF2}.Release|x64.Build.0 = Release|Any CPU
		{8F6EFE85-0D91-45D0-B6E8-098EB454EBF2}.Release|x86.ActiveCfg = Release|Any CPU
		{8F6EFE85-0D91-45D0-B6E8-098EB454EBF2}.Release|x86.Build.0 = Release|Any CPU
		{F8AC5FAD-CD55-4023-A9FC-B1E3A298A1E2}.Ad-Hoc|Any CPU.ActiveCfg = Release|Any CPU
		{F8AC5FAD-CD55-4023-A9FC-B1E3A298A1E2}.Ad-Hoc|Any CPU.Build.0 = Release|Any CPU
		{F8AC5FAD-CD55-4023-A9FC-B1E3A298A1E2}.Ad-Hoc|ARM.ActiveCfg = Release|Any CPU
		{F8AC5FAD-CD55-4023-A9FC-B1E3A298A1E2}.Ad-Hoc|ARM.Build.0 = Release|Any CPU
		{F8AC5FAD-CD55-4023-A9FC-B1E3A298A1E2}.Ad-Hoc|iPhone.ActiveCfg = Release|Any CPU
		{F8AC5FAD-CD55-4023-A9FC-B1E3A298A1E2}.Ad-Hoc|iPhone.Build.0 = Release|Any CPU
		{F8AC5FAD-CD55-4023-A9FC-B1E3A298A1E2}.Ad-Hoc|iPhoneSimulator.ActiveCfg = Release|Any CPU
		{F8AC5FAD-CD55-4023-A9FC-B1E3A298A1E2}.Ad-Hoc|iPhoneSimulator.Build.0 = Release|Any CPU
		{F8AC5FAD-CD55-4023-A9FC-B1E3A298A1E2}.Ad-Hoc|x64.ActiveCfg = Release|Any CPU
		{F8AC5FAD-CD55-4023-A9FC-B1E3A298A1E2}.Ad-Hoc|x64.Build.0 = Release|Any CPU
		{F8AC5FAD-CD55-4023-A9FC-B1E3A298A1E2}.Ad-Hoc|x86.ActiveCfg = Release|Any CPU
		{F8AC5FAD-CD55-4023-A9FC-B1E3A298A1E2}.Ad-Hoc|x86.Build.0 = Release|Any CPU
		{F8AC5FAD-CD55-4023-A9FC-B1E3A298A1E2}.AppStore|Any CPU.ActiveCfg = Release|Any CPU
		{F8AC5FAD-CD55-4023-A9FC-B1E3A298A1E2}.AppStore|Any CPU.Build.0 = Release|Any CPU
		{F8AC5FAD-CD55-4023-A9FC-B1E3A298A1E2}.AppStore|ARM.ActiveCfg = Release|Any CPU
		{F8AC5FAD-CD55-4023-A9FC-B1E3A298A1E2}.AppStore|ARM.Build.0 = Release|Any CPU
		{F8AC5FAD-CD55-4023-A9FC-B1E3A298A1E2}.AppStore|iPhone.ActiveCfg = Release|Any CPU
		{F8AC5FAD-CD55-4023-A9FC-B1E3A298A1E2}.AppStore|iPhone.Build.0 = Release|Any CPU
		{F8AC5FAD-CD55-4023-A9FC-B1E3A298A1E2}.AppStore|iPhoneSimulator.ActiveCfg = Release|Any CPU
		{F8AC5FAD-CD55-4023-A9FC-B1E3A298A1E2}.AppStore|iPhoneSimulator.Build.0 = Release|Any CPU
		{F8AC5FAD-CD55-4023-A9FC-B1E3A298A1E2}.AppStore|x64.ActiveCfg = Release|Any CPU
		{F8AC5FAD-CD55-4023-A9FC-B1E3A298A1E2}.AppStore|x64.Build.0 = Release|Any CPU
		{F8AC5FAD-CD55-4023-A9FC-B1E3A298A1E2}.AppStore|x86.ActiveCfg = Release|Any CPU
		{F8AC5FAD-CD55-4023-A9FC-B1E3A298A1E2}.AppStore|x86.Build.0 = Release|Any CPU
		{F8AC5FAD-CD55-4023-A9FC-B1E3A298A1E2}.Debug|Any CPU.ActiveCfg = Debug|Any CPU
		{F8AC5FAD-CD55-4023-A9FC-B1E3A298A1E2}.Debug|Any CPU.Build.0 = Debug|Any CPU
		{F8AC5FAD-CD55-4023-A9FC-B1E3A298A1E2}.Debug|ARM.ActiveCfg = Debug|Any CPU
		{F8AC5FAD-CD55-4023-A9FC-B1E3A298A1E2}.Debug|ARM.Build.0 = Debug|Any CPU
		{F8AC5FAD-CD55-4023-A9FC-B1E3A298A1E2}.Debug|iPhone.ActiveCfg = Debug|Any CPU
		{F8AC5FAD-CD55-4023-A9FC-B1E3A298A1E2}.Debug|iPhone.Build.0 = Debug|Any CPU
		{F8AC5FAD-CD55-4023-A9FC-B1E3A298A1E2}.Debug|iPhoneSimulator.ActiveCfg = Debug|Any CPU
		{F8AC5FAD-CD55-4023-A9FC-B1E3A298A1E2}.Debug|iPhoneSimulator.Build.0 = Debug|Any CPU
		{F8AC5FAD-CD55-4023-A9FC-B1E3A298A1E2}.Debug|x64.ActiveCfg = Debug|Any CPU
		{F8AC5FAD-CD55-4023-A9FC-B1E3A298A1E2}.Debug|x64.Build.0 = Debug|Any CPU
		{F8AC5FAD-CD55-4023-A9FC-B1E3A298A1E2}.Debug|x86.ActiveCfg = Debug|Any CPU
		{F8AC5FAD-CD55-4023-A9FC-B1E3A298A1E2}.Debug|x86.Build.0 = Debug|Any CPU
		{F8AC5FAD-CD55-4023-A9FC-B1E3A298A1E2}.Release|Any CPU.ActiveCfg = Release|Any CPU
		{F8AC5FAD-CD55-4023-A9FC-B1E3A298A1E2}.Release|Any CPU.Build.0 = Release|Any CPU
		{F8AC5FAD-CD55-4023-A9FC-B1E3A298A1E2}.Release|ARM.ActiveCfg = Release|Any CPU
		{F8AC5FAD-CD55-4023-A9FC-B1E3A298A1E2}.Release|ARM.Build.0 = Release|Any CPU
		{F8AC5FAD-CD55-4023-A9FC-B1E3A298A1E2}.Release|iPhone.ActiveCfg = Release|Any CPU
		{F8AC5FAD-CD55-4023-A9FC-B1E3A298A1E2}.Release|iPhone.Build.0 = Release|Any CPU
		{F8AC5FAD-CD55-4023-A9FC-B1E3A298A1E2}.Release|iPhoneSimulator.ActiveCfg = Release|Any CPU
		{F8AC5FAD-CD55-4023-A9FC-B1E3A298A1E2}.Release|iPhoneSimulator.Build.0 = Release|Any CPU
		{F8AC5FAD-CD55-4023-A9FC-B1E3A298A1E2}.Release|x64.ActiveCfg = Release|Any CPU
		{F8AC5FAD-CD55-4023-A9FC-B1E3A298A1E2}.Release|x64.Build.0 = Release|Any CPU
		{F8AC5FAD-CD55-4023-A9FC-B1E3A298A1E2}.Release|x86.ActiveCfg = Release|Any CPU
		{F8AC5FAD-CD55-4023-A9FC-B1E3A298A1E2}.Release|x86.Build.0 = Release|Any CPU
		{16B49E9F-D0DD-4046-830A-A1250D765E33}.Ad-Hoc|Any CPU.ActiveCfg = Release|Any CPU
		{16B49E9F-D0DD-4046-830A-A1250D765E33}.Ad-Hoc|Any CPU.Build.0 = Release|Any CPU
		{16B49E9F-D0DD-4046-830A-A1250D765E33}.Ad-Hoc|ARM.ActiveCfg = Release|Any CPU
		{16B49E9F-D0DD-4046-830A-A1250D765E33}.Ad-Hoc|ARM.Build.0 = Release|Any CPU
		{16B49E9F-D0DD-4046-830A-A1250D765E33}.Ad-Hoc|iPhone.ActiveCfg = Release|Any CPU
		{16B49E9F-D0DD-4046-830A-A1250D765E33}.Ad-Hoc|iPhone.Build.0 = Release|Any CPU
		{16B49E9F-D0DD-4046-830A-A1250D765E33}.Ad-Hoc|iPhoneSimulator.ActiveCfg = Release|Any CPU
		{16B49E9F-D0DD-4046-830A-A1250D765E33}.Ad-Hoc|iPhoneSimulator.Build.0 = Release|Any CPU
		{16B49E9F-D0DD-4046-830A-A1250D765E33}.Ad-Hoc|x64.ActiveCfg = Release|Any CPU
		{16B49E9F-D0DD-4046-830A-A1250D765E33}.Ad-Hoc|x64.Build.0 = Release|Any CPU
		{16B49E9F-D0DD-4046-830A-A1250D765E33}.Ad-Hoc|x86.ActiveCfg = Release|Any CPU
		{16B49E9F-D0DD-4046-830A-A1250D765E33}.Ad-Hoc|x86.Build.0 = Release|Any CPU
		{16B49E9F-D0DD-4046-830A-A1250D765E33}.AppStore|Any CPU.ActiveCfg = Release|Any CPU
		{16B49E9F-D0DD-4046-830A-A1250D765E33}.AppStore|Any CPU.Build.0 = Release|Any CPU
		{16B49E9F-D0DD-4046-830A-A1250D765E33}.AppStore|ARM.ActiveCfg = Release|Any CPU
		{16B49E9F-D0DD-4046-830A-A1250D765E33}.AppStore|ARM.Build.0 = Release|Any CPU
		{16B49E9F-D0DD-4046-830A-A1250D765E33}.AppStore|iPhone.ActiveCfg = Release|Any CPU
		{16B49E9F-D0DD-4046-830A-A1250D765E33}.AppStore|iPhone.Build.0 = Release|Any CPU
		{16B49E9F-D0DD-4046-830A-A1250D765E33}.AppStore|iPhoneSimulator.ActiveCfg = Release|Any CPU
		{16B49E9F-D0DD-4046-830A-A1250D765E33}.AppStore|iPhoneSimulator.Build.0 = Release|Any CPU
		{16B49E9F-D0DD-4046-830A-A1250D765E33}.AppStore|x64.ActiveCfg = Release|Any CPU
		{16B49E9F-D0DD-4046-830A-A1250D765E33}.AppStore|x64.Build.0 = Release|Any CPU
		{16B49E9F-D0DD-4046-830A-A1250D765E33}.AppStore|x86.ActiveCfg = Release|Any CPU
		{16B49E9F-D0DD-4046-830A-A1250D765E33}.AppStore|x86.Build.0 = Release|Any CPU
		{16B49E9F-D0DD-4046-830A-A1250D765E33}.Debug|Any CPU.ActiveCfg = Debug|Any CPU
		{16B49E9F-D0DD-4046-830A-A1250D765E33}.Debug|Any CPU.Build.0 = Debug|Any CPU
		{16B49E9F-D0DD-4046-830A-A1250D765E33}.Debug|ARM.ActiveCfg = Debug|Any CPU
		{16B49E9F-D0DD-4046-830A-A1250D765E33}.Debug|ARM.Build.0 = Debug|Any CPU
		{16B49E9F-D0DD-4046-830A-A1250D765E33}.Debug|iPhone.ActiveCfg = Debug|Any CPU
		{16B49E9F-D0DD-4046-830A-A1250D765E33}.Debug|iPhone.Build.0 = Debug|Any CPU
		{16B49E9F-D0DD-4046-830A-A1250D765E33}.Debug|iPhoneSimulator.ActiveCfg = Debug|Any CPU
		{16B49E9F-D0DD-4046-830A-A1250D765E33}.Debug|iPhoneSimulator.Build.0 = Debug|Any CPU
		{16B49E9F-D0DD-4046-830A-A1250D765E33}.Debug|x64.ActiveCfg = Debug|Any CPU
		{16B49E9F-D0DD-4046-830A-A1250D765E33}.Debug|x64.Build.0 = Debug|Any CPU
		{16B49E9F-D0DD-4046-830A-A1250D765E33}.Debug|x86.ActiveCfg = Debug|Any CPU
		{16B49E9F-D0DD-4046-830A-A1250D765E33}.Debug|x86.Build.0 = Debug|Any CPU
		{16B49E9F-D0DD-4046-830A-A1250D765E33}.Release|Any CPU.ActiveCfg = Release|Any CPU
		{16B49E9F-D0DD-4046-830A-A1250D765E33}.Release|Any CPU.Build.0 = Release|Any CPU
		{16B49E9F-D0DD-4046-830A-A1250D765E33}.Release|ARM.ActiveCfg = Release|Any CPU
		{16B49E9F-D0DD-4046-830A-A1250D765E33}.Release|ARM.Build.0 = Release|Any CPU
		{16B49E9F-D0DD-4046-830A-A1250D765E33}.Release|iPhone.ActiveCfg = Release|Any CPU
		{16B49E9F-D0DD-4046-830A-A1250D765E33}.Release|iPhone.Build.0 = Release|Any CPU
		{16B49E9F-D0DD-4046-830A-A1250D765E33}.Release|iPhoneSimulator.ActiveCfg = Release|Any CPU
		{16B49E9F-D0DD-4046-830A-A1250D765E33}.Release|iPhoneSimulator.Build.0 = Release|Any CPU
		{16B49E9F-D0DD-4046-830A-A1250D765E33}.Release|x64.ActiveCfg = Release|Any CPU
		{16B49E9F-D0DD-4046-830A-A1250D765E33}.Release|x64.Build.0 = Release|Any CPU
		{16B49E9F-D0DD-4046-830A-A1250D765E33}.Release|x86.ActiveCfg = Release|Any CPU
		{16B49E9F-D0DD-4046-830A-A1250D765E33}.Release|x86.Build.0 = Release|Any CPU
	EndGlobalSection
	GlobalSection(SolutionProperties) = preSolution
		HideSolutionNode = FALSE
	EndGlobalSection
	GlobalSection(ExtensibilityGlobals) = postSolution
		SolutionGuid = {11CEF176-3F23-471F-9C88-8727B94AB34E}
	EndGlobalSection
EndGlobal
